
Microsoft Visual Studio Solution File, Format Version 12.00
# Visual Studio Version 17
VisualStudioVersion = 17.12.35707.178 d17.12
MinimumVisualStudioVersion = 10.0.40219.1
Project("{FAE04EC0-301F-11D3-BF4B-00C04F79EFBC}") = "TicketManager.API", "TicketManager.API\TicketManager.API.csproj", "{32C12CA9-F1B5-467A-9800-372FD9A110E9}"
EndProject
Project("{FAE04EC0-301F-11D3-BF4B-00C04F79EFBC}") = "TicketManager.Web", "TicketManager.Web\TicketManager.Web.csproj", "{10594836-7A24-408E-A490-F08F3AB6C2A3}"
EndProject
Global
	GlobalSection(SolutionConfigurationPlatforms) = preSolution
		Debug|Any CPU = Debug|Any CPU
		Release|Any CPU = Release|Any CPU
	EndGlobalSection
	GlobalSection(ProjectConfigurationPlatforms) = postSolution
		{32C12CA9-F1B5-467A-9800-372FD9A110E9}.Debug|Any CPU.ActiveCfg = Debug|Any CPU
		{32C12CA9-F1B5-467A-9800-372FD9A110E9}.Debug|Any CPU.Build.0 = Debug|Any CPU
		{32C12CA9-F1B5-467A-9800-372FD9A110E9}.Release|Any CPU.ActiveCfg = Release|Any CPU
		{32C12CA9-F1B5-467A-9800-372FD9A110E9}.Release|Any CPU.Build.0 = Release|Any CPU
		{10594836-7A24-408E-A490-F08F3AB6C2A3}.Debug|Any CPU.ActiveCfg = Debug|Any CPU
		{10594836-7A24-408E-A490-F08F3AB6C2A3}.Debug|Any CPU.Build.0 = Debug|Any CPU
		{10594836-7A24-408E-A490-F08F3AB6C2A3}.Release|Any CPU.ActiveCfg = Release|Any CPU
		{10594836-7A24-408E-A490-F08F3AB6C2A3}.Release|Any CPU.Build.0 = Release|Any CPU
	EndGlobalSection
	GlobalSection(SolutionProperties) = preSolution
		HideSolutionNode = FALSE
	EndGlobalSection
EndGlobal
